
Microsoft Visual Studio Solution File, Format Version 12.00
# Visual Studio Version 17
VisualStudioVersion = 17.0.31912.275
MinimumVisualStudioVersion = 10.0.40219.1
Project("{9A19103F-16F7-4668-BE54-9A1E7A4F7556}") = "Zerra", "Framework\Zerra\Zerra.csproj", "{7572FC71-6579-494C-AB4A-E6BEDD824820}"
EndProject
Project("{9A19103F-16F7-4668-BE54-9A1E7A4F7556}") = "Zerra.Repository", "Framework\Zerra.Repository\Zerra.Repository.csproj", "{F0FC63A6-3099-4CDA-BE20-2BCAFF32D4CE}"
EndProject
Project("{9A19103F-16F7-4668-BE54-9A1E7A4F7556}") = "Zerra.Repository.MsSql", "Framework\Zerra.Repository.MsSql\Zerra.Repository.MsSql.csproj", "{C5B3B184-0CD2-4305-A871-F6C9469F525A}"
EndProject
Project("{9A19103F-16F7-4668-BE54-9A1E7A4F7556}") = "Zerra.Repository.EventStoreDB", "Framework\Zerra.Repository.EventStoreDB\Zerra.Repository.EventStoreDB.csproj", "{47406DB2-A09A-4B34-B797-F00E0BE18C28}"
EndProject
Project("{9A19103F-16F7-4668-BE54-9A1E7A4F7556}") = "Zerra.CQRS.RabbitMQ", "Framework\Zerra.CQRS.RabbitMQ\Zerra.CQRS.RabbitMQ.csproj", "{1B862D0C-12D6-4367-98F6-9BFFC7537917}"
EndProject
Project("{9A19103F-16F7-4668-BE54-9A1E7A4F7556}") = "Zerra.TestDev", "Framework\Zerra.TestDev\Zerra.TestDev.csproj", "{CE0739EA-61E0-40E8-B121-BA4C119BEB70}"
EndProject
Project("{9A19103F-16F7-4668-BE54-9A1E7A4F7556}") = "Zerra.Logger", "Framework\Zerra.Logger\Zerra.Logger.csproj", "{88547363-76A2-4715-AB3B-C4CE90E0E9A8}"
EndProject
Project("{9A19103F-16F7-4668-BE54-9A1E7A4F7556}") = "Zerra.Test", "Framework\Zerra.Test\Zerra.Test.csproj", "{E4D24D64-E528-4745-B478-424209ADA676}"
EndProject
Project("{9A19103F-16F7-4668-BE54-9A1E7A4F7556}") = "Zerra.Repository.Test", "Framework\Zerra.Repository.Test\Zerra.Repository.Test.csproj", "{8B3336AA-3153-4BE1-9685-7D5879B8BAFC}"
EndProject
Project("{9A19103F-16F7-4668-BE54-9A1E7A4F7556}") = "Zerra.Web", "Framework\Zerra.Web\Zerra.Web.csproj", "{CFDFC883-D43E-459F-92F4-9407760B2B5D}"
EndProject
Project("{9A19103F-16F7-4668-BE54-9A1E7A4F7556}") = "Zerra.T4", "Framework\Zerra.T4\Zerra.T4.csproj", "{1E58C937-08B3-40FF-A36F-0CEFAA606711}"
EndProject
Project("{9A19103F-16F7-4668-BE54-9A1E7A4F7556}") = "Zerra.T4.TestDev", "Framework\Zerra.T4.TestDev\Zerra.T4.TestDev.csproj", "{EC5F5D49-0550-4200-A740-DD7F244F7BEE}"
EndProject
Project("{2150E333-8FDC-42A3-9474-1A3956D46DE8}") = "Demo", "Demo", "{9A82B733-BBB1-4686-9DBB-65DCFBBD60E1}"
EndProject
Project("{2150E333-8FDC-42A3-9474-1A3956D46DE8}") = "Framework", "Framework", "{B461985F-1828-471F-AD8D-3EFC282A2F57}"
EndProject
Project("{9A19103F-16F7-4668-BE54-9A1E7A4F7556}") = "ZerraDemo.Web", "Demo\ZerraDemo.Web\ZerraDemo.Web.csproj", "{9110393C-6ABF-46D8-B4DD-A48CF052858A}"
EndProject
Project("{9A19103F-16F7-4668-BE54-9A1E7A4F7556}") = "ZerraDemo.Domain", "Demo\ZerraDemo.Domain\ZerraDemo.Domain.csproj", "{CBC0DE01-2D1B-4EBA-859C-FF0425AFE9DA}"
EndProject
Project("{9A19103F-16F7-4668-BE54-9A1E7A4F7556}") = "ZerraDemo.Domain.Ledger1", "Demo\ZerraDemo.Domain.Ledger1\ZerraDemo.Domain.Ledger1.csproj", "{51A1C455-998E-4950-BC57-2A1F47C3C7D4}"
EndProject
Project("{9A19103F-16F7-4668-BE54-9A1E7A4F7556}") = "ZerraDemo.Domain.Ledger2", "Demo\ZerraDemo.Domain.Ledger2\ZerraDemo.Domain.Ledger2.csproj", "{E1364D5A-36F9-44CC-907C-9B7692D9B6DC}"
EndProject
Project("{9A19103F-16F7-4668-BE54-9A1E7A4F7556}") = "ZerraDemo.Domain.Pets", "Demo\ZerraDemo.Domain.Pets\ZerraDemo.Domain.Pets.csproj", "{94344539-7096-4582-8A5C-4171E241844D}"
EndProject
Project("{9A19103F-16F7-4668-BE54-9A1E7A4F7556}") = "ZerraDemo.Domain.Pets.Sql", "Demo\ZerraDemo.Domain.Pets.Sql\ZerraDemo.Domain.Pets.Sql.csproj", "{F0C2A380-4621-4CCD-8328-0886507C8FD8}"
EndProject
Project("{2150E333-8FDC-42A3-9474-1A3956D46DE8}") = "Domain", "Domain", "{7C2A81E7-3627-44C9-A145-DBAE3512D0C2}"
EndProject
Project("{2150E333-8FDC-42A3-9474-1A3956D46DE8}") = "Pets", "Pets", "{123F047F-68CF-41E3-8914-0A6E51CD6153}"
EndProject
Project("{2150E333-8FDC-42A3-9474-1A3956D46DE8}") = "Weather", "Weather", "{E14AC2D7-52D8-443D-BEA4-EA371A3332D2}"
EndProject
Project("{2150E333-8FDC-42A3-9474-1A3956D46DE8}") = "Ledger1", "Ledger1", "{5506931F-9824-4A49-8D12-C17868D008B2}"
EndProject
Project("{2150E333-8FDC-42A3-9474-1A3956D46DE8}") = "Ledger2", "Ledger2", "{9E598820-3D03-4601-85E8-EB304D3CC46F}"
EndProject
Project("{9A19103F-16F7-4668-BE54-9A1E7A4F7556}") = "ZerraDemo.Domain.Weather", "Demo\ZerraDemo.Domain.Weather\ZerraDemo.Domain.Weather.csproj", "{0370631C-6220-45A0-A187-95FDDC10672E}"
EndProject
Project("{9A19103F-16F7-4668-BE54-9A1E7A4F7556}") = "ZerraDemo.Service.Ledger2", "Demo\ZerraDemo.Service.Ledger2\ZerraDemo.Service.Ledger2.csproj", "{7E33EF07-E97F-4D58-87D8-B85E398B7CBE}"
EndProject
Project("{9A19103F-16F7-4668-BE54-9A1E7A4F7556}") = "ZerraDemo.Domain.Ledger1.EventStore", "Demo\ZerraDemo.Domain.Ledger1.EventStore\ZerraDemo.Domain.Ledger1.EventStore.csproj", "{0B2141B2-8614-45DF-BD64-04EF81FA5C4F}"
EndProject
Project("{9A19103F-16F7-4668-BE54-9A1E7A4F7556}") = "ZerraDemo.Domain.Ledger2.EventStore", "Demo\ZerraDemo.Domain.Ledger2.EventStore\ZerraDemo.Domain.Ledger2.EventStore.csproj", "{F393DA5C-C21E-4795-BAFB-A16392119370}"
EndProject
Project("{9A19103F-16F7-4668-BE54-9A1E7A4F7556}") = "ZerraDemo.Service.Pets", "Demo\ZerraDemo.Service.Pets\ZerraDemo.Service.Pets.csproj", "{A3D824EC-94D8-419E-8BE0-F321DBC14AB4}"
EndProject
Project("{9A19103F-16F7-4668-BE54-9A1E7A4F7556}") = "ZerraDemo.Service.Ledger1", "Demo\ZerraDemo.Service.Ledger1\ZerraDemo.Service.Ledger1.csproj", "{47B92D26-DACC-4719-A4A6-660D6823336E}"
EndProject
Project("{9A19103F-16F7-4668-BE54-9A1E7A4F7556}") = "ZerraDemo.Common", "Demo\ZerraDemo.Common\ZerraDemo.Common.csproj", "{A4EC7EE4-9C82-400C-8F23-AE4CF0E15C5E}"
EndProject
Project("{9A19103F-16F7-4668-BE54-9A1E7A4F7556}") = "ZerraDemo.Service.Weather", "Demo\ZerraDemo.Service.Weather\ZerraDemo.Service.Weather.csproj", "{9D1884A2-FCDC-4990-9817-A638CC5FFEE3}"
EndProject
Project("{9A19103F-16F7-4668-BE54-9A1E7A4F7556}") = "ZerraDemo.Relay", "Demo\ZerraDemo.Relay\ZerraDemo.Relay.csproj", "{B1F701F5-B947-4DF3-A16A-DCDF2F339C59}"
EndProject
Project("{9A19103F-16F7-4668-BE54-9A1E7A4F7556}") = "Zerra.CQRS.Kafka", "Framework\Zerra.CQRS.Kafka\Zerra.CQRS.Kafka.csproj", "{75E9E081-A8F0-4838-BA95-B716C90D06D4}"
EndProject
Project("{9A19103F-16F7-4668-BE54-9A1E7A4F7556}") = "Zerra.Repository.PostgreSql", "Framework\Zerra.Repository.PostgreSql\Zerra.Repository.PostgreSql.csproj", "{3AB3C204-9448-457F-85CC-A38AB05A1253}"
EndProject
Project("{9A19103F-16F7-4668-BE54-9A1E7A4F7556}") = "Zerra.Repository.MySql", "Framework\Zerra.Repository.MySql\Zerra.Repository.MySql.csproj", "{A4001192-8BB8-4A59-ADDD-8BB539375E22}"
EndProject
Project("{9A19103F-16F7-4668-BE54-9A1E7A4F7556}") = "Zerra.Identity", "Framework\Zerra.Identity\Zerra.Identity.csproj", "{1685E021-CBB1-4852-B692-C61C0FD7198F}"
EndProject
Project("{9A19103F-16F7-4668-BE54-9A1E7A4F7556}") = "Zerra.CQRS.AzureEventHub", "Framework\Zerra.CQRS.AzureEventHub\Zerra.CQRS.AzureEventHub.csproj", "{2063D27C-4092-4539-AB48-2CB57793DD05}"
EndProject
Project("{9A19103F-16F7-4668-BE54-9A1E7A4F7556}") = "Zerra.CQRS.AzureServiceBus", "Framework\Zerra.CQRS.AzureServiceBus\Zerra.CQRS.AzureServiceBus.csproj", "{65050FBF-3B26-4E3B-806B-5B3972542088}"
EndProject
Project("{2150E333-8FDC-42A3-9474-1A3956D46DE8}") = "WeatherCached", "WeatherCached", "{A48F5A43-E155-4F4B-8B0E-F869F7C956D4}"
EndProject
Project("{9A19103F-16F7-4668-BE54-9A1E7A4F7556}") = "ZerraDemo.Service.WeatherCached", "Demo\ZerraDemo.Service.WeatherCached\ZerraDemo.Service.WeatherCached.csproj", "{AE597B16-0DDC-4C1A-83E0-D58A06AACC57}"
EndProject
Project("{9A19103F-16F7-4668-BE54-9A1E7A4F7556}") = "ZerraDemo.Domain.WeatherCached", "Demo\ZerraDemo.Domain.WeatherCached\ZerraDemo.Domain.WeatherCached.csproj", "{DBD1D4A4-4F47-4891-B781-29B05FD240C6}"
EndProject
Project("{9A19103F-16F7-4668-BE54-9A1E7A4F7556}") = "Zerra.Tools", "Framework\Zerra.Tools\Zerra.Tools.csproj", "{76B15CFD-3B70-41FB-8584-325D4860179D}"
EndProject
Global
	GlobalSection(SolutionConfigurationPlatforms) = preSolution
		Debug|Any CPU = Debug|Any CPU
		Release|Any CPU = Release|Any CPU
	EndGlobalSection
	GlobalSection(ProjectConfigurationPlatforms) = postSolution
		{7572FC71-6579-494C-AB4A-E6BEDD824820}.Debug|Any CPU.ActiveCfg = Debug|Any CPU
		{7572FC71-6579-494C-AB4A-E6BEDD824820}.Debug|Any CPU.Build.0 = Debug|Any CPU
		{7572FC71-6579-494C-AB4A-E6BEDD824820}.Release|Any CPU.ActiveCfg = Release|Any CPU
		{7572FC71-6579-494C-AB4A-E6BEDD824820}.Release|Any CPU.Build.0 = Release|Any CPU
		{F0FC63A6-3099-4CDA-BE20-2BCAFF32D4CE}.Debug|Any CPU.ActiveCfg = Debug|Any CPU
		{F0FC63A6-3099-4CDA-BE20-2BCAFF32D4CE}.Debug|Any CPU.Build.0 = Debug|Any CPU
		{F0FC63A6-3099-4CDA-BE20-2BCAFF32D4CE}.Release|Any CPU.ActiveCfg = Release|Any CPU
		{F0FC63A6-3099-4CDA-BE20-2BCAFF32D4CE}.Release|Any CPU.Build.0 = Release|Any CPU
		{C5B3B184-0CD2-4305-A871-F6C9469F525A}.Debug|Any CPU.ActiveCfg = Debug|Any CPU
		{C5B3B184-0CD2-4305-A871-F6C9469F525A}.Debug|Any CPU.Build.0 = Debug|Any CPU
		{C5B3B184-0CD2-4305-A871-F6C9469F525A}.Release|Any CPU.ActiveCfg = Release|Any CPU
		{C5B3B184-0CD2-4305-A871-F6C9469F525A}.Release|Any CPU.Build.0 = Release|Any CPU
		{47406DB2-A09A-4B34-B797-F00E0BE18C28}.Debug|Any CPU.ActiveCfg = Debug|Any CPU
		{47406DB2-A09A-4B34-B797-F00E0BE18C28}.Debug|Any CPU.Build.0 = Debug|Any CPU
		{47406DB2-A09A-4B34-B797-F00E0BE18C28}.Release|Any CPU.ActiveCfg = Release|Any CPU
		{47406DB2-A09A-4B34-B797-F00E0BE18C28}.Release|Any CPU.Build.0 = Release|Any CPU
		{1B862D0C-12D6-4367-98F6-9BFFC7537917}.Debug|Any CPU.ActiveCfg = Debug|Any CPU
		{1B862D0C-12D6-4367-98F6-9BFFC7537917}.Debug|Any CPU.Build.0 = Debug|Any CPU
		{1B862D0C-12D6-4367-98F6-9BFFC7537917}.Release|Any CPU.ActiveCfg = Release|Any CPU
		{1B862D0C-12D6-4367-98F6-9BFFC7537917}.Release|Any CPU.Build.0 = Release|Any CPU
		{CE0739EA-61E0-40E8-B121-BA4C119BEB70}.Debug|Any CPU.ActiveCfg = Debug|Any CPU
		{CE0739EA-61E0-40E8-B121-BA4C119BEB70}.Debug|Any CPU.Build.0 = Debug|Any CPU
		{CE0739EA-61E0-40E8-B121-BA4C119BEB70}.Release|Any CPU.ActiveCfg = Release|Any CPU
		{CE0739EA-61E0-40E8-B121-BA4C119BEB70}.Release|Any CPU.Build.0 = Release|Any CPU
		{88547363-76A2-4715-AB3B-C4CE90E0E9A8}.Debug|Any CPU.ActiveCfg = Debug|Any CPU
		{88547363-76A2-4715-AB3B-C4CE90E0E9A8}.Debug|Any CPU.Build.0 = Debug|Any CPU
		{88547363-76A2-4715-AB3B-C4CE90E0E9A8}.Release|Any CPU.ActiveCfg = Release|Any CPU
		{88547363-76A2-4715-AB3B-C4CE90E0E9A8}.Release|Any CPU.Build.0 = Release|Any CPU
		{E4D24D64-E528-4745-B478-424209ADA676}.Debug|Any CPU.ActiveCfg = Debug|Any CPU
		{E4D24D64-E528-4745-B478-424209ADA676}.Debug|Any CPU.Build.0 = Debug|Any CPU
		{E4D24D64-E528-4745-B478-424209ADA676}.Release|Any CPU.ActiveCfg = Release|Any CPU
		{E4D24D64-E528-4745-B478-424209ADA676}.Release|Any CPU.Build.0 = Release|Any CPU
		{8B3336AA-3153-4BE1-9685-7D5879B8BAFC}.Debug|Any CPU.ActiveCfg = Debug|Any CPU
		{8B3336AA-3153-4BE1-9685-7D5879B8BAFC}.Debug|Any CPU.Build.0 = Debug|Any CPU
		{8B3336AA-3153-4BE1-9685-7D5879B8BAFC}.Release|Any CPU.ActiveCfg = Release|Any CPU
		{8B3336AA-3153-4BE1-9685-7D5879B8BAFC}.Release|Any CPU.Build.0 = Release|Any CPU
		{CFDFC883-D43E-459F-92F4-9407760B2B5D}.Debug|Any CPU.ActiveCfg = Debug|Any CPU
		{CFDFC883-D43E-459F-92F4-9407760B2B5D}.Debug|Any CPU.Build.0 = Debug|Any CPU
		{CFDFC883-D43E-459F-92F4-9407760B2B5D}.Release|Any CPU.ActiveCfg = Release|Any CPU
		{CFDFC883-D43E-459F-92F4-9407760B2B5D}.Release|Any CPU.Build.0 = Release|Any CPU
		{1E58C937-08B3-40FF-A36F-0CEFAA606711}.Debug|Any CPU.ActiveCfg = Debug|Any CPU
		{1E58C937-08B3-40FF-A36F-0CEFAA606711}.Debug|Any CPU.Build.0 = Debug|Any CPU
		{1E58C937-08B3-40FF-A36F-0CEFAA606711}.Release|Any CPU.ActiveCfg = Release|Any CPU
		{1E58C937-08B3-40FF-A36F-0CEFAA606711}.Release|Any CPU.Build.0 = Release|Any CPU
		{EC5F5D49-0550-4200-A740-DD7F244F7BEE}.Debug|Any CPU.ActiveCfg = Debug|Any CPU
		{EC5F5D49-0550-4200-A740-DD7F244F7BEE}.Debug|Any CPU.Build.0 = Debug|Any CPU
		{EC5F5D49-0550-4200-A740-DD7F244F7BEE}.Release|Any CPU.ActiveCfg = Release|Any CPU
		{EC5F5D49-0550-4200-A740-DD7F244F7BEE}.Release|Any CPU.Build.0 = Release|Any CPU
		{9110393C-6ABF-46D8-B4DD-A48CF052858A}.Debug|Any CPU.ActiveCfg = Debug|Any CPU
		{9110393C-6ABF-46D8-B4DD-A48CF052858A}.Debug|Any CPU.Build.0 = Debug|Any CPU
		{9110393C-6ABF-46D8-B4DD-A48CF052858A}.Release|Any CPU.ActiveCfg = Release|Any CPU
		{9110393C-6ABF-46D8-B4DD-A48CF052858A}.Release|Any CPU.Build.0 = Release|Any CPU
		{CBC0DE01-2D1B-4EBA-859C-FF0425AFE9DA}.Debug|Any CPU.ActiveCfg = Debug|Any CPU
		{CBC0DE01-2D1B-4EBA-859C-FF0425AFE9DA}.Debug|Any CPU.Build.0 = Debug|Any CPU
		{CBC0DE01-2D1B-4EBA-859C-FF0425AFE9DA}.Release|Any CPU.ActiveCfg = Release|Any CPU
		{CBC0DE01-2D1B-4EBA-859C-FF0425AFE9DA}.Release|Any CPU.Build.0 = Release|Any CPU
		{51A1C455-998E-4950-BC57-2A1F47C3C7D4}.Debug|Any CPU.ActiveCfg = Debug|Any CPU
		{51A1C455-998E-4950-BC57-2A1F47C3C7D4}.Debug|Any CPU.Build.0 = Debug|Any CPU
		{51A1C455-998E-4950-BC57-2A1F47C3C7D4}.Release|Any CPU.ActiveCfg = Release|Any CPU
		{51A1C455-998E-4950-BC57-2A1F47C3C7D4}.Release|Any CPU.Build.0 = Release|Any CPU
		{E1364D5A-36F9-44CC-907C-9B7692D9B6DC}.Debug|Any CPU.ActiveCfg = Debug|Any CPU
		{E1364D5A-36F9-44CC-907C-9B7692D9B6DC}.Debug|Any CPU.Build.0 = Debug|Any CPU
		{E1364D5A-36F9-44CC-907C-9B7692D9B6DC}.Release|Any CPU.ActiveCfg = Release|Any CPU
		{E1364D5A-36F9-44CC-907C-9B7692D9B6DC}.Release|Any CPU.Build.0 = Release|Any CPU
		{94344539-7096-4582-8A5C-4171E241844D}.Debug|Any CPU.ActiveCfg = Debug|Any CPU
		{94344539-7096-4582-8A5C-4171E241844D}.Debug|Any CPU.Build.0 = Debug|Any CPU
		{94344539-7096-4582-8A5C-4171E241844D}.Release|Any CPU.ActiveCfg = Release|Any CPU
		{94344539-7096-4582-8A5C-4171E241844D}.Release|Any CPU.Build.0 = Release|Any CPU
		{F0C2A380-4621-4CCD-8328-0886507C8FD8}.Debug|Any CPU.ActiveCfg = Debug|Any CPU
		{F0C2A380-4621-4CCD-8328-0886507C8FD8}.Debug|Any CPU.Build.0 = Debug|Any CPU
		{F0C2A380-4621-4CCD-8328-0886507C8FD8}.Release|Any CPU.ActiveCfg = Release|Any CPU
		{F0C2A380-4621-4CCD-8328-0886507C8FD8}.Release|Any CPU.Build.0 = Release|Any CPU
		{0370631C-6220-45A0-A187-95FDDC10672E}.Debug|Any CPU.ActiveCfg = Debug|Any CPU
		{0370631C-6220-45A0-A187-95FDDC10672E}.Debug|Any CPU.Build.0 = Debug|Any CPU
		{0370631C-6220-45A0-A187-95FDDC10672E}.Release|Any CPU.ActiveCfg = Release|Any CPU
		{0370631C-6220-45A0-A187-95FDDC10672E}.Release|Any CPU.Build.0 = Release|Any CPU
		{7E33EF07-E97F-4D58-87D8-B85E398B7CBE}.Debug|Any CPU.ActiveCfg = Debug|Any CPU
		{7E33EF07-E97F-4D58-87D8-B85E398B7CBE}.Debug|Any CPU.Build.0 = Debug|Any CPU
		{7E33EF07-E97F-4D58-87D8-B85E398B7CBE}.Release|Any CPU.ActiveCfg = Release|Any CPU
		{7E33EF07-E97F-4D58-87D8-B85E398B7CBE}.Release|Any CPU.Build.0 = Release|Any CPU
		{0B2141B2-8614-45DF-BD64-04EF81FA5C4F}.Debug|Any CPU.ActiveCfg = Debug|Any CPU
		{0B2141B2-8614-45DF-BD64-04EF81FA5C4F}.Debug|Any CPU.Build.0 = Debug|Any CPU
		{0B2141B2-8614-45DF-BD64-04EF81FA5C4F}.Release|Any CPU.ActiveCfg = Release|Any CPU
		{0B2141B2-8614-45DF-BD64-04EF81FA5C4F}.Release|Any CPU.Build.0 = Release|Any CPU
		{F393DA5C-C21E-4795-BAFB-A16392119370}.Debug|Any CPU.ActiveCfg = Debug|Any CPU
		{F393DA5C-C21E-4795-BAFB-A16392119370}.Debug|Any CPU.Build.0 = Debug|Any CPU
		{F393DA5C-C21E-4795-BAFB-A16392119370}.Release|Any CPU.ActiveCfg = Release|Any CPU
		{F393DA5C-C21E-4795-BAFB-A16392119370}.Release|Any CPU.Build.0 = Release|Any CPU
		{A3D824EC-94D8-419E-8BE0-F321DBC14AB4}.Debug|Any CPU.ActiveCfg = Debug|Any CPU
		{A3D824EC-94D8-419E-8BE0-F321DBC14AB4}.Debug|Any CPU.Build.0 = Debug|Any CPU
		{A3D824EC-94D8-419E-8BE0-F321DBC14AB4}.Release|Any CPU.ActiveCfg = Release|Any CPU
		{A3D824EC-94D8-419E-8BE0-F321DBC14AB4}.Release|Any CPU.Build.0 = Release|Any CPU
		{47B92D26-DACC-4719-A4A6-660D6823336E}.Debug|Any CPU.ActiveCfg = Debug|Any CPU
		{47B92D26-DACC-4719-A4A6-660D6823336E}.Debug|Any CPU.Build.0 = Debug|Any CPU
		{47B92D26-DACC-4719-A4A6-660D6823336E}.Release|Any CPU.ActiveCfg = Release|Any CPU
		{47B92D26-DACC-4719-A4A6-660D6823336E}.Release|Any CPU.Build.0 = Release|Any CPU
		{A4EC7EE4-9C82-400C-8F23-AE4CF0E15C5E}.Debug|Any CPU.ActiveCfg = Debug|Any CPU
		{A4EC7EE4-9C82-400C-8F23-AE4CF0E15C5E}.Debug|Any CPU.Build.0 = Debug|Any CPU
		{A4EC7EE4-9C82-400C-8F23-AE4CF0E15C5E}.Release|Any CPU.ActiveCfg = Release|Any CPU
		{A4EC7EE4-9C82-400C-8F23-AE4CF0E15C5E}.Release|Any CPU.Build.0 = Release|Any CPU
		{9D1884A2-FCDC-4990-9817-A638CC5FFEE3}.Debug|Any CPU.ActiveCfg = Debug|Any CPU
		{9D1884A2-FCDC-4990-9817-A638CC5FFEE3}.Debug|Any CPU.Build.0 = Debug|Any CPU
		{9D1884A2-FCDC-4990-9817-A638CC5FFEE3}.Release|Any CPU.ActiveCfg = Release|Any CPU
		{9D1884A2-FCDC-4990-9817-A638CC5FFEE3}.Release|Any CPU.Build.0 = Release|Any CPU
		{B1F701F5-B947-4DF3-A16A-DCDF2F339C59}.Debug|Any CPU.ActiveCfg = Debug|Any CPU
		{B1F701F5-B947-4DF3-A16A-DCDF2F339C59}.Debug|Any CPU.Build.0 = Debug|Any CPU
		{B1F701F5-B947-4DF3-A16A-DCDF2F339C59}.Release|Any CPU.ActiveCfg = Release|Any CPU
		{B1F701F5-B947-4DF3-A16A-DCDF2F339C59}.Release|Any CPU.Build.0 = Release|Any CPU
		{75E9E081-A8F0-4838-BA95-B716C90D06D4}.Debug|Any CPU.ActiveCfg = Debug|Any CPU
		{75E9E081-A8F0-4838-BA95-B716C90D06D4}.Debug|Any CPU.Build.0 = Debug|Any CPU
		{75E9E081-A8F0-4838-BA95-B716C90D06D4}.Release|Any CPU.ActiveCfg = Release|Any CPU
		{75E9E081-A8F0-4838-BA95-B716C90D06D4}.Release|Any CPU.Build.0 = Release|Any CPU
		{3AB3C204-9448-457F-85CC-A38AB05A1253}.Debug|Any CPU.ActiveCfg = Debug|Any CPU
		{3AB3C204-9448-457F-85CC-A38AB05A1253}.Debug|Any CPU.Build.0 = Debug|Any CPU
		{3AB3C204-9448-457F-85CC-A38AB05A1253}.Release|Any CPU.ActiveCfg = Release|Any CPU
		{3AB3C204-9448-457F-85CC-A38AB05A1253}.Release|Any CPU.Build.0 = Release|Any CPU
		{A4001192-8BB8-4A59-ADDD-8BB539375E22}.Debug|Any CPU.ActiveCfg = Debug|Any CPU
		{A4001192-8BB8-4A59-ADDD-8BB539375E22}.Debug|Any CPU.Build.0 = Debug|Any CPU
		{A4001192-8BB8-4A59-ADDD-8BB539375E22}.Release|Any CPU.ActiveCfg = Release|Any CPU
		{A4001192-8BB8-4A59-ADDD-8BB539375E22}.Release|Any CPU.Build.0 = Release|Any CPU
		{1685E021-CBB1-4852-B692-C61C0FD7198F}.Debug|Any CPU.ActiveCfg = Debug|Any CPU
		{1685E021-CBB1-4852-B692-C61C0FD7198F}.Debug|Any CPU.Build.0 = Debug|Any CPU
		{1685E021-CBB1-4852-B692-C61C0FD7198F}.Release|Any CPU.ActiveCfg = Release|Any CPU
		{1685E021-CBB1-4852-B692-C61C0FD7198F}.Release|Any CPU.Build.0 = Release|Any CPU
		{2063D27C-4092-4539-AB48-2CB57793DD05}.Debug|Any CPU.ActiveCfg = Debug|Any CPU
		{2063D27C-4092-4539-AB48-2CB57793DD05}.Debug|Any CPU.Build.0 = Debug|Any CPU
		{2063D27C-4092-4539-AB48-2CB57793DD05}.Release|Any CPU.ActiveCfg = Release|Any CPU
		{2063D27C-4092-4539-AB48-2CB57793DD05}.Release|Any CPU.Build.0 = Release|Any CPU
		{65050FBF-3B26-4E3B-806B-5B3972542088}.Debug|Any CPU.ActiveCfg = Debug|Any CPU
		{65050FBF-3B26-4E3B-806B-5B3972542088}.Debug|Any CPU.Build.0 = Debug|Any CPU
		{65050FBF-3B26-4E3B-806B-5B3972542088}.Release|Any CPU.ActiveCfg = Release|Any CPU
		{65050FBF-3B26-4E3B-806B-5B3972542088}.Release|Any CPU.Build.0 = Release|Any CPU
		{AE597B16-0DDC-4C1A-83E0-D58A06AACC57}.Debug|Any CPU.ActiveCfg = Debug|Any CPU
		{AE597B16-0DDC-4C1A-83E0-D58A06AACC57}.Debug|Any CPU.Build.0 = Debug|Any CPU
		{AE597B16-0DDC-4C1A-83E0-D58A06AACC57}.Release|Any CPU.ActiveCfg = Release|Any CPU
		{AE597B16-0DDC-4C1A-83E0-D58A06AACC57}.Release|Any CPU.Build.0 = Release|Any CPU
		{DBD1D4A4-4F47-4891-B781-29B05FD240C6}.Debug|Any CPU.ActiveCfg = Debug|Any CPU
		{DBD1D4A4-4F47-4891-B781-29B05FD240C6}.Debug|Any CPU.Build.0 = Debug|Any CPU
		{DBD1D4A4-4F47-4891-B781-29B05FD240C6}.Release|Any CPU.ActiveCfg = Release|Any CPU
		{DBD1D4A4-4F47-4891-B781-29B05FD240C6}.Release|Any CPU.Build.0 = Release|Any CPU
		{76B15CFD-3B70-41FB-8584-325D4860179D}.Debug|Any CPU.ActiveCfg = Debug|Any CPU
		{76B15CFD-3B70-41FB-8584-325D4860179D}.Debug|Any CPU.Build.0 = Debug|Any CPU
		{76B15CFD-3B70-41FB-8584-325D4860179D}.Release|Any CPU.ActiveCfg = Release|Any CPU
		{76B15CFD-3B70-41FB-8584-325D4860179D}.Release|Any CPU.Build.0 = Release|Any CPU
	EndGlobalSection
	GlobalSection(SolutionProperties) = preSolution
		HideSolutionNode = FALSE
	EndGlobalSection
	GlobalSection(NestedProjects) = preSolution
		{7572FC71-6579-494C-AB4A-E6BEDD824820} = {B461985F-1828-471F-AD8D-3EFC282A2F57}
		{F0FC63A6-3099-4CDA-BE20-2BCAFF32D4CE} = {B461985F-1828-471F-AD8D-3EFC282A2F57}
		{C5B3B184-0CD2-4305-A871-F6C9469F525A} = {B461985F-1828-471F-AD8D-3EFC282A2F57}
		{47406DB2-A09A-4B34-B797-F00E0BE18C28} = {B461985F-1828-471F-AD8D-3EFC282A2F57}
		{1B862D0C-12D6-4367-98F6-9BFFC7537917} = {B461985F-1828-471F-AD8D-3EFC282A2F57}
		{CE0739EA-61E0-40E8-B121-BA4C119BEB70} = {B461985F-1828-471F-AD8D-3EFC282A2F57}
		{88547363-76A2-4715-AB3B-C4CE90E0E9A8} = {B461985F-1828-471F-AD8D-3EFC282A2F57}
		{E4D24D64-E528-4745-B478-424209ADA676} = {B461985F-1828-471F-AD8D-3EFC282A2F57}
		{8B3336AA-3153-4BE1-9685-7D5879B8BAFC} = {B461985F-1828-471F-AD8D-3EFC282A2F57}
		{CFDFC883-D43E-459F-92F4-9407760B2B5D} = {B461985F-1828-471F-AD8D-3EFC282A2F57}
		{1E58C937-08B3-40FF-A36F-0CEFAA606711} = {B461985F-1828-471F-AD8D-3EFC282A2F57}
		{EC5F5D49-0550-4200-A740-DD7F244F7BEE} = {B461985F-1828-471F-AD8D-3EFC282A2F57}
		{9110393C-6ABF-46D8-B4DD-A48CF052858A} = {9A82B733-BBB1-4686-9DBB-65DCFBBD60E1}
		{CBC0DE01-2D1B-4EBA-859C-FF0425AFE9DA} = {9A82B733-BBB1-4686-9DBB-65DCFBBD60E1}
		{51A1C455-998E-4950-BC57-2A1F47C3C7D4} = {5506931F-9824-4A49-8D12-C17868D008B2}
		{E1364D5A-36F9-44CC-907C-9B7692D9B6DC} = {9E598820-3D03-4601-85E8-EB304D3CC46F}
		{94344539-7096-4582-8A5C-4171E241844D} = {123F047F-68CF-41E3-8914-0A6E51CD6153}
		{F0C2A380-4621-4CCD-8328-0886507C8FD8} = {123F047F-68CF-41E3-8914-0A6E51CD6153}
		{7C2A81E7-3627-44C9-A145-DBAE3512D0C2} = {9A82B733-BBB1-4686-9DBB-65DCFBBD60E1}
		{123F047F-68CF-41E3-8914-0A6E51CD6153} = {7C2A81E7-3627-44C9-A145-DBAE3512D0C2}
		{E14AC2D7-52D8-443D-BEA4-EA371A3332D2} = {7C2A81E7-3627-44C9-A145-DBAE3512D0C2}
		{5506931F-9824-4A49-8D12-C17868D008B2} = {7C2A81E7-3627-44C9-A145-DBAE3512D0C2}
		{9E598820-3D03-4601-85E8-EB304D3CC46F} = {7C2A81E7-3627-44C9-A145-DBAE3512D0C2}
		{0370631C-6220-45A0-A187-95FDDC10672E} = {E14AC2D7-52D8-443D-BEA4-EA371A3332D2}
		{7E33EF07-E97F-4D58-87D8-B85E398B7CBE} = {9E598820-3D03-4601-85E8-EB304D3CC46F}
		{0B2141B2-8614-45DF-BD64-04EF81FA5C4F} = {5506931F-9824-4A49-8D12-C17868D008B2}
		{F393DA5C-C21E-4795-BAFB-A16392119370} = {9E598820-3D03-4601-85E8-EB304D3CC46F}
		{A3D824EC-94D8-419E-8BE0-F321DBC14AB4} = {123F047F-68CF-41E3-8914-0A6E51CD6153}
		{47B92D26-DACC-4719-A4A6-660D6823336E} = {5506931F-9824-4A49-8D12-C17868D008B2}
		{A4EC7EE4-9C82-400C-8F23-AE4CF0E15C5E} = {9A82B733-BBB1-4686-9DBB-65DCFBBD60E1}
		{9D1884A2-FCDC-4990-9817-A638CC5FFEE3} = {E14AC2D7-52D8-443D-BEA4-EA371A3332D2}
		{B1F701F5-B947-4DF3-A16A-DCDF2F339C59} = {9A82B733-BBB1-4686-9DBB-65DCFBBD60E1}
		{75E9E081-A8F0-4838-BA95-B716C90D06D4} = {B461985F-1828-471F-AD8D-3EFC282A2F57}
		{3AB3C204-9448-457F-85CC-A38AB05A1253} = {B461985F-1828-471F-AD8D-3EFC282A2F57}
		{A4001192-8BB8-4A59-ADDD-8BB539375E22} = {B461985F-1828-471F-AD8D-3EFC282A2F57}
		{1685E021-CBB1-4852-B692-C61C0FD7198F} = {B461985F-1828-471F-AD8D-3EFC282A2F57}
		{2063D27C-4092-4539-AB48-2CB57793DD05} = {B461985F-1828-471F-AD8D-3EFC282A2F57}
		{65050FBF-3B26-4E3B-806B-5B3972542088} = {B461985F-1828-471F-AD8D-3EFC282A2F57}
		{A48F5A43-E155-4F4B-8B0E-F869F7C956D4} = {7C2A81E7-3627-44C9-A145-DBAE3512D0C2}
		{AE597B16-0DDC-4C1A-83E0-D58A06AACC57} = {A48F5A43-E155-4F4B-8B0E-F869F7C956D4}
		{DBD1D4A4-4F47-4891-B781-29B05FD240C6} = {A48F5A43-E155-4F4B-8B0E-F869F7C956D4}
		{76B15CFD-3B70-41FB-8584-325D4860179D} = {B461985F-1828-471F-AD8D-3EFC282A2F57}
	EndGlobalSection
	GlobalSection(ExtensibilityGlobals) = postSolution
		SolutionGuid = {1918A883-4E9E-4435-9C14-C86EBD3A3ACE}
	EndGlobalSection
EndGlobal
